
Microsoft Visual Studio Solution File, Format Version 12.00
# Visual Studio Version 17
VisualStudioVersion = 17.9.34622.214
MinimumVisualStudioVersion = 10.0.40219.1
Project("{FAE04EC0-301F-11D3-BF4B-00C04F79EFBC}") = "TestDapperAPI", "TestDapperAPI\TestDapperAPI.csproj", "{8FA4DAB0-E69C-4A26-BC0E-D6DFCA00C7C6}"
EndProject
Global
	GlobalSection(SolutionConfigurationPlatforms) = preSolution
		Debug|Any CPU = Debug|Any CPU
		Release|Any CPU = Release|Any CPU
	EndGlobalSection
	GlobalSection(ProjectConfigurationPlatforms) = postSolution
		{8FA4DAB0-E69C-4A26-BC0E-D6DFCA00C7C6}.Debug|Any CPU.ActiveCfg = Debug|Any CPU
		{8FA4DAB0-E69C-4A26-BC0E-D6DFCA00C7C6}.Debug|Any CPU.Build.0 = Debug|Any CPU
		{8FA4DAB0-E69C-4A26-BC0E-D6DFCA00C7C6}.Release|Any CPU.ActiveCfg = Release|Any CPU
		{8FA4DAB0-E69C-4A26-BC0E-D6DFCA00C7C6}.Release|Any CPU.Build.0 = Release|Any CPU
	EndGlobalSection
	GlobalSection(SolutionProperties) = preSolution
		HideSolutionNode = FALSE
	EndGlobalSection
	GlobalSection(ExtensibilityGlobals) = postSolution
		SolutionGuid = {28173BB6-0D72-47B5-A987-6C22927D2E36}
	EndGlobalSection
EndGlobal
